// !$*UTF8*$!
{
	archiveVersion = 1;
	classes = {
	};
	objectVersion = 46;
	objects = {

/* Begin PBXBuildFile section */
		778C4F6419EE6F0D009F44CF /* main.m in Sources */ = {isa = PBXBuildFile; fileRef = 778C4F6319EE6F0D009F44CF /* main.m */; };
		778C4F6719EE6F0D009F44CF /* AppDelegate.m in Sources */ = {isa = PBXBuildFile; fileRef = 778C4F6619EE6F0D009F44CF /* AppDelegate.m */; };
		778C4F6A19EE6F0D009F44CF /* ViewController.m in Sources */ = {isa = PBXBuildFile; fileRef = 778C4F6919EE6F0D009F44CF /* ViewController.m */; };
		778C4F6D19EE6F0D009F44CF /* Main.storyboard in Resources */ = {isa = PBXBuildFile; fileRef = 778C4F6B19EE6F0D009F44CF /* Main.storyboard */; };
		778C4F6F19EE6F0D009F44CF /* Images.xcassets in Resources */ = {isa = PBXBuildFile; fileRef = 778C4F6E19EE6F0D009F44CF /* Images.xcassets */; };
		778C4F7219EE6F0D009F44CF /* LaunchScreen.xib in Resources */ = {isa = PBXBuildFile; fileRef = 778C4F7019EE6F0D009F44CF /* LaunchScreen.xib */; };
		778C4F7E19EE6F0D009F44CF /* githubTestTests.m in Sources */ = {isa = PBXBuildFile; fileRef = 778C4F7D19EE6F0D009F44CF /* githubTestTests.m */; };
/* End PBXBuildFile section */

/* Begin PBXContainerItemProxy section */
		778C4F7819EE6F0D009F44CF /* PBXContainerItemProxy */ = {
			isa = PBXContainerItemProxy;
			containerPortal = 778C4F5619EE6F0D009F44CF /* Project object */;
			proxyType = 1;
			remoteGlobalIDString = 778C4F5D19EE6F0D009F44CF;
			remoteInfo = githubTest;
		};
/* End PBXContainerItemProxy section */

/* Begin PBXFileReference section */
		778C4F5E19EE6F0D009F44CF /* githubTest.app */ = {isa = PBXFileReference; explicitFileType = wrapper.application; includeInIndex = 0; path = githubTest.app; sourceTree = BUILT_PRODUCTS_DIR; };
		778C4F6219EE6F0D009F44CF /* Info.plist */ = {isa = PBXFileReference; lastKnownFileType = text.plist.xml; path = Info.plist; sourceTree = "<group>"; };
		778C4F6319EE6F0D009F44CF /* main.m */ = {isa = PBXFileReference; lastKnownFileType = sourcecode.c.objc; path = main.m; sourceTree = "<group>"; };
		778C4F6519EE6F0D009F44CF /* AppDelegate.h */ = {isa = PBXFileReference; lastKnownFileType = sourcecode.c.h; path = AppDelegate.h; sourceTree = "<group>"; };
		778C4F6619EE6F0D009F44CF /* AppDelegate.m */ = {isa = PBXFileReference; lastKnownFileType = sourcecode.c.objc; path = AppDelegate.m; sourceTree = "<group>"; };
		778C4F6819EE6F0D009F44CF /* ViewController.h */ = {isa = PBXFileReference; lastKnownFileType = sourcecode.c.h; path = ViewController.h; sourceTree = "<group>"; };
		778C4F6919EE6F0D009F44CF /* ViewController.m */ = {isa = PBXFileReference; lastKnownFileType = sourcecode.c.objc; path = ViewController.m; sourceTree = "<group>"; };
		778C4F6C19EE6F0D009F44CF /* Base */ = {isa = PBXFileReference; lastKnownFileType = file.storyboard; name = Base; path = Base.lproj/Main.storyboard; sourceTree = "<group>"; };
		778C4F6E19EE6F0D009F44CF /* Images.xcassets */ = {isa = PBXFileReference; lastKnownFileType = folder.assetcatalog; path = Images.xcassets; sourceTree = "<group>"; };
		778C4F7119EE6F0D009F44CF /* Base */ = {isa = PBXFileReference; lastKnownFileType = file.xib; name = Base; path = Base.lproj/LaunchScreen.xib; sourceTree = "<group>"; };
		778C4F7719EE6F0D009F44CF /* githubTestTests.xctest */ = {isa = PBXFileReference; explicitFileType = wrapper.cfbundle; includeInIndex = 0; path = githubTestTests.xctest; sourceTree = BUILT_PRODUCTS_DIR; };
		778C4F7C19EE6F0D009F44CF /* Info.plist */ = {isa = PBXFileReference; lastKnownFileType = text.plist.xml; path = Info.plist; sourceTree = "<group>"; };
		778C4F7D19EE6F0D009F44CF /* githubTestTests.m */ = {isa = PBXFileReference; lastKnownFileType = sourcecode.c.objc; path = githubTestTests.m; sourceTree = "<group>"; };
/* End PBXFileReference section */

/* Begin PBXFrameworksBuildPhase section */
		778C4F5B19EE6F0D009F44CF /* Frameworks */ = {
			isa = PBXFrameworksBuildPhase;
			buildActionMask = 2147483647;
			files = (
			);
			runOnlyForDeploymentPostprocessing = 0;
		};
		778C4F7419EE6F0D009F44CF /* Frameworks */ = {
			isa = PBXFrameworksBuildPhase;
			buildActionMask = 2147483647;
			files = (
			);
			runOnlyForDeploymentPostprocessing = 0;
		};
/* End PBXFrameworksBuildPhase section */

/* Begin PBXGroup section */
		778C4F5519EE6F0D009F44CF = {
			isa = PBXGroup;
			children = (
				778C4F6019EE6F0D009F44CF /* githubTest */,
				778C4F7A19EE6F0D009F44CF /* githubTestTests */,
				778C4F5F19EE6F0D009F44CF /* Products */,
			);
			sourceTree = "<group>";
		};
		778C4F5F19EE6F0D009F44CF /* Products */ = {
			isa = PBXGroup;
			children = (
				778C4F5E19EE6F0D009F44CF /* githubTest.app */,
				778C4F7719EE6F0D009F44CF /* githubTestTests.xctest */,
			);
			name = Products;
			sourceTree = "<group>";
		};
		778C4F6019EE6F0D009F44CF /* githubTest */ = {
			isa = PBXGroup;
			children = (
				778C4F6519EE6F0D009F44CF /* AppDelegate.h */,
				778C4F6619EE6F0D009F44CF /* AppDelegate.m */,
				778C4F6819EE6F0D009F44CF /* ViewController.h */,
				778C4F6919EE6F0D009F44CF /* ViewController.m */,
				778C4F6B19EE6F0D009F44CF /* Main.storyboard */,
				778C4F6E19EE6F0D009F44CF /* Images.xcassets */,
				778C4F7019EE6F0D009F44CF /* LaunchScreen.xib */,
				778C4F6119EE6F0D009F44CF /* Supporting Files */,
			);
			path = githubTest;
			sourceTree = "<group>";
		};
		778C4F6119EE6F0D009F44CF /* Supporting Files */ = {
			isa = PBXGroup;
			children = (
				778C4F6219EE6F0D009F44CF /* Info.plist */,
				778C4F6319EE6F0D009F44CF /* main.m */,
			);
			name = "Supporting Files";
			sourceTree = "<group>";
		};
		778C4F7A19EE6F0D009F44CF /* githubTestTests */ = {
			isa = PBXGroup;
			children = (
				778C4F7D19EE6F0D009F44CF /* githubTestTests.m */,
				778C4F7B19EE6F0D009F44CF /* Supporting Files */,
			);
			path = githubTestTests;
			sourceTree = "<group>";
		};
		778C4F7B19EE6F0D009F44CF /* Supporting Files */ = {
			isa = PBXGroup;
			children = (
				778C4F7C19EE6F0D009F44CF /* Info.plist */,
			);
			name = "Supporting Files";
			sourceTree = "<group>";
		};
/* End PBXGroup section */

/* Begin PBXNativeTarget section */
		778C4F5D19EE6F0D009F44CF /* githubTest */ = {
			isa = PBXNativeTarget;
			buildConfigurationList = 778C4F8119EE6F0D009F44CF /* Build configuration list for PBXNativeTarget "githubTest" */;
			buildPhases = (
				778C4F5A19EE6F0D009F44CF /* Sources */,
				778C4F5B19EE6F0D009F44CF /* Frameworks */,
				778C4F5C19EE6F0D009F44CF /* Resources */,
			);
			buildRules = (
			);
			dependencies = (
			);
			name = githubTest;
			productName = githubTest;
			productReference = 778C4F5E19EE6F0D009F44CF /* githubTest.app */;
			productType = "com.apple.product-type.application";
		};
		778C4F7619EE6F0D009F44CF /* githubTestTests */ = {
			isa = PBXNativeTarget;
			buildConfigurationList = 778C4F8419EE6F0D009F44CF /* Build configuration list for PBXNativeTarget "githubTestTests" */;
			buildPhases = (
				778C4F7319EE6F0D009F44CF /* Sources */,
				778C4F7419EE6F0D009F44CF /* Frameworks */,
				778C4F7519EE6F0D009F44CF /* Resources */,
			);
			buildRules = (
			);
			dependencies = (
				778C4F7919EE6F0D009F44CF /* PBXTargetDependency */,
			);
			name = githubTestTests;
			productName = githubTestTests;
			productReference = 778C4F7719EE6F0D009F44CF /* githubTestTests.xctest */;
			productType = "com.apple.product-type.bundle.unit-test";
		};
/* End PBXNativeTarget section */

/* Begin PBXProject section */
		778C4F5619EE6F0D009F44CF /* Project object */ = {
			isa = PBXProject;
			attributes = {
				LastUpgradeCheck = 0600;
				ORGANIZATIONNAME = com.joechow;
				TargetAttributes = {
					778C4F5D19EE6F0D009F44CF = {
						CreatedOnToolsVersion = 6.0;
					};
					778C4F7619EE6F0D009F44CF = {
						CreatedOnToolsVersion = 6.0;
						TestTargetID = 778C4F5D19EE6F0D009F44CF;
					};
				};
			};
			buildConfigurationList = 778C4F5919EE6F0D009F44CF /* Build configuration list for PBXProject "githubTest" */;
			compatibilityVersion = "Xcode 3.2";
			developmentRegion = English;
			hasScannedForEncodings = 0;
			knownRegions = (
				en,
				Base,
			);
			mainGroup = 778C4F5519EE6F0D009F44CF;
			productRefGroup = 778C4F5F19EE6F0D009F44CF /* Products */;
			projectDirPath = "";
			projectRoot = "";
			targets = (
				778C4F5D19EE6F0D009F44CF /* githubTest */,
				778C4F7619EE6F0D009F44CF /* githubTestTests */,
			);
		};
/* End PBXProject section */

/* Begin PBXResourcesBuildPhase section */
		778C4F5C19EE6F0D009F44CF /* Resources */ = {
			isa = PBXResourcesBuildPhase;
			buildActionMask = 2147483647;
			files = (
				778C4F6D19EE6F0D009F44CF /* Main.storyboard in Resources */,
				778C4F7219EE6F0D009F44CF /* LaunchScreen.xib in Resources */,
				778C4F6F19EE6F0D009F44CF /* Images.xcassets in Resources */,
			);
			runOnlyForDeploymentPostprocessing = 0;
		};
		778C4F7519EE6F0D009F44CF /* Resources */ = {
			isa = PBXResourcesBuildPhase;
			buildActionMask = 2147483647;
			files = (
			);
			runOnlyForDeploymentPostprocessing = 0;
		};
/* End PBXResourcesBuildPhase section */

/* Begin PBXSourcesBuildPhase section */
		778C4F5A19EE6F0D009F44CF /* Sources */ = {
			isa = PBXSourcesBuildPhase;
			buildActionMask = 2147483647;
			files = (
				778C4F6A19EE6F0D009F44CF /* ViewController.m in Sources */,
				778C4F6719EE6F0D009F44CF /* AppDelegate.m in Sources */,
				778C4F6419EE6F0D009F44CF /* main.m in Sources */,
			);
			runOnlyForDeploymentPostprocessing = 0;
		};
		778C4F7319EE6F0D009F44CF /* Sources */ = {
			isa = PBXSourcesBuildPhase;
			buildActionMask = 2147483647;
			files = (
				778C4F7E19EE6F0D009F44CF /* githubTestTests.m in Sources */,
			);
			runOnlyForDeploymentPostprocessing = 0;
		};
/* End PBXSourcesBuildPhase section */

/* Begin PBXTargetDependency section */
		778C4F7919EE6F0D009F44CF /* PBXTargetDependency */ = {
			isa = PBXTargetDependency;
			target = 778C4F5D19EE6F0D009F44CF /* githubTest */;
			targetProxy = 778C4F7819EE6F0D009F44CF /* PBXContainerItemProxy */;
		};
/* End PBXTargetDependency section */

/* Begin PBXVariantGroup section */
		778C4F6B19EE6F0D009F44CF /* Main.storyboard */ = {
			isa = PBXVariantGroup;
			children = (
				778C4F6C19EE6F0D009F44CF /* Base */,
			);
			name = Main.storyboard;
			sourceTree = "<group>";
		};
		778C4F7019EE6F0D009F44CF /* LaunchScreen.xib */ = {
			isa = PBXVariantGroup;
			children = (
				778C4F7119EE6F0D009F44CF /* Base */,
			);
			name = LaunchScreen.xib;
			sourceTree = "<group>";
		};
/* End PBXVariantGroup section */

/* Begin XCBuildConfiguration section */
		778C4F7F19EE6F0D009F44CF /* Debug */ = {
			isa = XCBuildConfiguration;
			buildSettings = {
				ALWAYS_SEARCH_USER_PATHS = NO;
				CLANG_CXX_LANGUAGE_STANDARD = "gnu++0x";
				CLANG_CXX_LIBRARY = "libc++";
				CLANG_ENABLE_MODULES = YES;
				CLANG_ENABLE_OBJC_ARC = YES;
				CLANG_WARN_BOOL_CONVERSION = YES;
				CLANG_WARN_CONSTANT_CONVERSION = YES;
				CLANG_WARN_DIRECT_OBJC_ISA_USAGE = YES_ERROR;
				CLANG_WARN_EMPTY_BODY = YES;
				CLANG_WARN_ENUM_CONVERSION = YES;
				CLANG_WARN_INT_CONVERSION = YES;
				CLANG_WARN_OBJC_ROOT_CLASS = YES_ERROR;
				CLANG_WARN_UNREACHABLE_CODE = YES;
				CLANG_WARN__DUPLICATE_METHOD_MATCH = YES;
				"CODE_SIGN_IDENTITY[sdk=iphoneos*]" = "iPhone Developer";
				COPY_PHASE_STRIP = NO;
				ENABLE_STRICT_OBJC_MSGSEND = YES;
				GCC_C_LANGUAGE_STANDARD = gnu99;
				GCC_DYNAMIC_NO_PIC = NO;
				GCC_OPTIMIZATION_LEVEL = 0;
				GCC_PREPROCESSOR_DEFINITIONS = (
					"DEBUG=1",
					"$(inherited)",
				);
				GCC_SYMBOLS_PRIVATE_EXTERN = NO;
				GCC_WARN_64_TO_32_BIT_CONVERSION = YES;
				GCC_WARN_ABOUT_RETURN_TYPE = YES_ERROR;
				GCC_WARN_UNDECLARED_SELECTOR = YES;
				GCC_WARN_UNINITIALIZED_AUTOS = YES_AGGRESSIVE;
				GCC_WARN_UNUSED_FUNCTION = YES;
				GCC_WARN_UNUSED_VARIABLE = YES;
				IPHONEOS_DEPLOYMENT_TARGET = 8.0;
				MTL_ENABLE_DEBUG_INFO = YES;
				ONLY_ACTIVE_ARCH = YES;
				SDKROOT = iphoneos;
			};
			name = Debug;
		};
		778C4F8019EE6F0D009F44CF /* Release */ = {
			isa = XCBuildConfiguration;
			buildSettings = {
				ALWAYS_SEARCH_USER_PATHS = NO;
				CLANG_CXX_LANGUAGE_STANDARD = "gnu++0x";
				CLANG_CXX_LIBRARY = "libc++";
				CLANG_ENABLE_MODULES = YES;
				CLANG_ENABLE_OBJC_ARC = YES;
				CLANG_WARN_BOOL_CONVERSION = YES;
				CLANG_WARN_CONSTANT_CONVERSION = YES;
				CLANG_WARN_DIRECT_OBJC_ISA_USAGE = YES_ERROR;
				CLANG_WARN_EMPTY_BODY = YES;
				CLANG_WARN_ENUM_CONVERSION = YES;
				CLANG_WARN_INT_CONVERSION = YES;
				CLANG_WARN_OBJC_ROOT_CLASS = YES_ERROR;
				CLANG_WARN_UNREACHABLE_CODE = YES;
				CLANG_WARN__DUPLICATE_METHOD_MATCH = YES;
				"CODE_SIGN_IDENTITY[sdk=iphoneos*]" = "iPhone Developer";
				COPY_PHASE_STRIP = YES;
				ENABLE_NS_ASSERTIONS = NO;
				ENABLE_STRICT_OBJC_MSGSEND = YES;
				GCC_C_LANGUAGE_STANDARD = gnu99;
				GCC_WARN_64_TO_32_BIT_CONVERSION = YES;
				GCC_WARN_ABOUT_RETURN_TYPE = YES_ERROR;
				GCC_WARN_UNDECLARED_SELECTOR = YES;
				GCC_WARN_UNINITIALIZED_AUTOS = YES_AGGRESSIVE;
				GCC_WARN_UNUSED_FUNCTION = YES;
				GCC_WARN_UNUSED_VARIABLE = YES;
				IPHONEOS_DEPLOYMENT_TARGET = 8.0;
				MTL_ENABLE_DEBUG_INFO = NO;
				SDKROOT = iphoneos;
				VALIDATE_PRODUCT = YES;
			};
			name = Release;
		};
		778C4F8219EE6F0D009F44CF /* Debug */ = {
			isa = XCBuildConfiguration;
			buildSettings = {
				ASSETCATALOG_COMPILER_APPICON_NAME = AppIcon;
				INFOPLIST_FILE = githubTest/Info.plist;
				LD_RUNPATH_SEARCH_PATHS = "$(inherited) @executable_path/Frameworks";
				PRODUCT_NAME = "$(TARGET_NAME)";
			};
			name = Debug;
		};
		778C4F8319EE6F0D009F44CF /* Release */ = {
			isa = XCBuildConfiguration;
			buildSettings = {
				ASSETCATALOG_COMPILER_APPICON_NAME = AppIcon;
				INFOPLIST_FILE = githubTest/Info.plist;
				LD_RUNPATH_SEARCH_PATHS = "$(inherited) @executable_path/Frameworks";
				PRODUCT_NAME = "$(TARGET_NAME)";
			};
			name = Release;
		};
		778C4F8519EE6F0D009F44CF /* Debug */ = {
			isa = XCBuildConfiguration;
			buildSettings = {
				BUNDLE_LOADER = "$(TEST_HOST)";
				FRAMEWORK_SEARCH_PATHS = (
					"$(SDKROOT)/Developer/Library/Frameworks",
					"$(inherited)",
				);
				GCC_PREPROCESSOR_DEFINITIONS = (
					"DEBUG=1",
					"$(inherited)",
				);
				INFOPLIST_FILE = githubTestTests/Info.plist;
				LD_RUNPATH_SEARCH_PATHS = "$(inherited) @executable_path/Frameworks @loader_path/Frameworks";
				PRODUCT_NAME = "$(TARGET_NAME)";
				TEST_HOST = "$(BUILT_PRODUCTS_DIR)/githubTest.app/githubTest";
			};
			name = Debug;
		};
		778C4F8619EE6F0D009F44CF /* Release */ = {
			isa = XCBuildConfiguration;
			buildSettings = {
				BUNDLE_LOADER = "$(TEST_HOST)";
				FRAMEWORK_SEARCH_PATHS = (
					"$(SDKROOT)/Developer/Library/Frameworks",
					"$(inherited)",
				);
				INFOPLIST_FILE = githubTestTests/Info.plist;
				LD_RUNPATH_SEARCH_PATHS = "$(inherited) @executable_path/Frameworks @loader_path/Frameworks";
				PRODUCT_NAME = "$(TARGET_NAME)";
				TEST_HOST = "$(BUILT_PRODUCTS_DIR)/githubTest.app/githubTest";
			};
			name = Release;
		};
/* End XCBuildConfiguration section */

/* Begin XCConfigurationList section */
		778C4F5919EE6F0D009F44CF /* Build configuration list for PBXProject "githubTest" */ = {
			isa = XCConfigurationList;
			buildConfigurations = (
				778C4F7F19EE6F0D009F44CF /* Debug */,
				778C4F8019EE6F0D009F44CF /* Release */,
			);
			defaultConfigurationIsVisible = 0;
			defaultConfigurationName = Release;
		};
		778C4F8119EE6F0D009F44CF /* Build configuration list for PBXNativeTarget "githubTest" */ = {
			isa = XCConfigurationList;
			buildConfigurations = (
				778C4F8219EE6F0D009F44CF /* Debug */,
				778C4F8319EE6F0D009F44CF /* Release */,
			);
			defaultConfigurationIsVisible = 0;
		};
		778C4F8419EE6F0D009F44CF /* Build configuration list for PBXNativeTarget "githubTestTests" */ = {
			isa = XCConfigurationList;
			buildConfigurations = (
				778C4F8519EE6F0D009F44CF /* Debug */,
				778C4F8619EE6F0D009F44CF /* Release */,
			);
			defaultConfigurationIsVisible = 0;
		};
/* End XCConfigurationList section */
	};
	rootObject = 778C4F5619EE6F0D009F44CF /* Project object */;
}
